<Solution>
  <Folder Name="/src/">
    <Project Path="src/Dms.Host/Dms.Host.csproj" />
    <Project Path="src/Dms.Migrator/Dms.Migrator.csproj" />
  </Folder>
  <Folder Name="/src/BuildingBlocks/">
    <Project Path="src/BuildingBlocks/Dms.Application/Dms.Application.csproj" />
    <Project Path="src/BuildingBlocks/Dms.Infrastructure/Dms.Infrastructure.csproj" />
    <Project Path="src/BuildingBlocks/Dms.SharedKernel/Dms.SharedKernel.csproj" />
    <Project Path="src/BuildingBlocks/Dms.Web/Dms.Web.csproj" />
  </Folder>
  <Folder Name="/src/Modules/" />
  <Folder Name="/src/Modules/Audit/">
    <Project Path="src/Modules/Audit/Dms.Audit.Contracts/Dms.Audit.Contracts.csproj" />
    <Project Path="src/Modules/Audit/Dms.Audit.Infrastructure/Dms.Audit.Infrastructure.csproj" />
    <Project Path="src/Modules/Audit/Dms.Audit/Dms.Audit.csproj" />
  </Folder>
  <Folder Name="/src/Modules/Authorization/">
    <Project Path="src/Modules/Authorization/Dms.Authorization.Contracts/Dms.Authorization.Contracts.csproj" />
    <Project Path="src/Modules/Authorization/Dms.Authorization.Infrastructure/Dms.Authorization.Infrastructure.csproj" />
    <Project Path="src/Modules/Authorization/Dms.Authorization/Dms.Authorization.csproj" />
  </Folder>
  <Folder Name="/src/Modules/Documents/">
    <Project Path="src/Modules/Documents/Dms.Documents.Contracts/Dms.Documents.Contracts.csproj" />
    <Project Path="src/Modules/Documents/Dms.Documents.Infrastructure/Dms.Documents.Infrastructure.csproj" />
    <Project Path="src/Modules/Documents/Dms.Documents/Dms.Documents.csproj" />
  </Folder>
  <Folder Name="/src/Modules/DocumentTypes/">
    <Project Path="src/Modules/DocumentTypes/Dms.DocumentTypes.Contracts/Dms.DocumentTypes.Contracts.csproj" />
    <Project Path="src/Modules/DocumentTypes/Dms.DocumentTypes.Infrastructure/Dms.DocumentTypes.Infrastructure.csproj" />
    <Project Path="src/Modules/DocumentTypes/Dms.DocumentTypes/Dms.DocumentTypes.csproj" />
  </Folder>
  <Folder Name="/src/Modules/Identity/">
    <Project Path="src/Modules/Identity/Dms.Identity.Contracts/Dms.Identity.Contracts.csproj" />
    <Project Path="src/Modules/Identity/Dms.Identity.Infrastructure/Dms.Identity.Infrastructure.csproj" />
    <Project Path="src/Modules/Identity/Dms.Identity/Dms.Identity.csproj" />
  </Folder>
  <Folder Name="/src/Modules/Search/">
    <Project Path="src/Modules/Search/Dms.Search.Infrastructure/Dms.Search.Infrastructure.csproj" />
    <Project Path="src/Modules/Search/Dms.Search/Dms.Search.csproj" />
  </Folder>
  <Folder Name="/src/Modules/Storage/">
    <Project Path="src/Modules/Storage/Dms.Storage.Contracts/Dms.Storage.Contracts.csproj" />
    <Project Path="src/Modules/Storage/Dms.Storage.Infrastructure/Dms.Storage.Infrastructure.csproj" />
    <Project Path="src/Modules/Storage/Dms.Storage/Dms.Storage.csproj" />
  </Folder>
  <Folder Name="/src/Modules/Workflow/">
    <Project Path="src/Modules/Workflow/Dms.Workflow.Contracts/Dms.Workflow.Contracts.csproj" />
    <Project Path="src/Modules/Workflow/Dms.Workflow.Infrastructure/Dms.Workflow.Infrastructure.csproj" />
    <Project Path="src/Modules/Workflow/Dms.Workflow/Dms.Workflow.csproj" />
  </Folder>
  <Folder Name="/src/Modules/Sharing/">
    <Project Path="src/Modules/Sharing/Dms.Sharing.Infrastructure/Dms.Sharing.Infrastructure.csproj" />
    <Project Path="src/Modules/Sharing/Dms.Sharing/Dms.Sharing.csproj" />
  </Folder>
  <Folder Name="/tests/">
    <Project Path="tests/Dms.ArchitectureTests/Dms.ArchitectureTests.csproj" />
    <Project Path="tests/Dms.Authorization.UnitTests/Dms.Authorization.UnitTests.csproj" />
    <Project Path="tests/Dms.DocumentTypes.UnitTests/Dms.DocumentTypes.UnitTests.csproj" />
    <Project Path="tests/Dms.Identity.UnitTests/Dms.Identity.UnitTests.csproj" />
    <Project Path="tests/Dms.IntegrationTests/Dms.IntegrationTests.csproj" />
  </Folder>
</Solution>
